%{"certifi": {:hex, :certifi, "0.4.0", "a7966efb868b179023618d29a407548f70c52466bf1849b9e8ebd0e34b7ea11f", [], [], "hexpm"},
  "combine": {:hex, :combine, "0.8.0", "390fe5f632a8c890d378abc697ca7c4c52cd3e38bb232a5cad1677cd4af013df", [], [], "hexpm"},
  "exjsx": {:hex, :exjsx, "3.2.0", "7136cc739ace295fc74c378f33699e5145bead4fdc1b4799822d0287489136fb", [], [{:jsx, "~> 2.6.2", [hex: :jsx, repo: "hexpm", optional: false]}], "hexpm"},
  "gen_smtp": {:hex, :gen_smtp, "0.9.0", "abddf6a464c593395ea70226db27c6b1fde48076de7ba5c8cc3e3a1d6c41b4f8", [], [], "hexpm"},
  "gettext": {:hex, :gettext, "0.11.0", "80c1dd42d270482418fa158ec5ba073d2980e3718bacad86f3d4ad71d5667679", [], [], "hexpm"},
  "hackney": {:hex, :hackney, "1.6.0", "8d1e9440c9edf23bf5e5e2fe0c71de03eb265103b72901337394c840eec679ac", [], [{:certifi, "0.4.0", [hex: :certifi, repo: "hexpm", optional: false]}, {:idna, "1.2.0", [hex: :idna, repo: "hexpm", optional: false]}, {:metrics, "1.0.1", [hex: :metrics, repo: "hexpm", optional: false]}, {:mimerl, "1.0.2", [hex: :mimerl, repo: "hexpm", optional: false]}, {:ssl_verify_fun, "1.1.0", [hex: :ssl_verify_fun, repo: "hexpm", optional: false]}], "hexpm"},
  "httpoison": {:hex, :httpoison, "0.8.3", "b675a3fdc839a0b8d7a285c6b3747d6d596ae70b6ccb762233a990d7289ccae4", [], [{:hackney, "~> 1.6.0", [hex: :hackney, repo: "hexpm", optional: false]}], "hexpm"},
  "idna": {:hex, :idna, "1.2.0", "ac62ee99da068f43c50dc69acf700e03a62a348360126260e87f2b54eced86b2", [], [], "hexpm"},
  "jsx": {:hex, :jsx, "2.6.2", "213721e058da0587a4bce3cc8a00ff6684ced229c8f9223245c6ff2c88fbaa5a", [], [], "hexpm"},
  "mailer": {:git, "https://github.com/antp/mailer.git", "9f62bec0b9d2b618c91646066f604bd6b67fac40", []},
  "metrics": {:hex, :metrics, "1.0.1", "25f094dea2cda98213cecc3aeff09e940299d950904393b2a29d191c346a8486", [], [], "hexpm"},
  "mimerl": {:hex, :mimerl, "1.0.2", "993f9b0e084083405ed8252b99460c4f0563e41729ab42d9074fd5e52439be88", [], [], "hexpm"},
  "ssl_verify_fun": {:hex, :ssl_verify_fun, "1.1.0", "edee20847c42e379bf91261db474ffbe373f8acb56e9079acb6038d4e0bf414f", [], [], "hexpm"},
  "timex": {:hex, :timex, "2.1.6", "2c59cd03074bccea47acd668c4dd6aad269879bcc9d6d4dd98fe0ffbaf48fcaa", [], [{:combine, "~> 0.7", [hex: :combine, repo: "hexpm", optional: false]}, {:gettext, "~> 0.10", [hex: :gettext, repo: "hexpm", optional: false]}, {:tzdata, "~> 0.1.8 or ~> 0.5", [hex: :tzdata, repo: "hexpm", optional: false]}], "hexpm"},
  "tzdata": {:hex, :tzdata, "0.5.8", "a4ffe564783c6519e4df230a5d0e1cf44b7db7f576bcae76d05540b5da5b6143", [], [{:hackney, "~> 1.0", [hex: :hackney, repo: "hexpm", optional: false]}], "hexpm"}}
